hash: c5667ab5adb7acc27710fd645afaa7ad121f9057feafddde4be780af8a5ead59
updated: 2017-12-07T22:45:54.513197637+03:00
imports:
- name: github.com/icza/bitio
  version: 261d1004f0535a3c196e0d204587d962b746dbb1
- name: gopkg.in/check.v1
  version: 20d25e2804050c1cd24a7eea1e7a6447dd0e74ec
testImports: []
